// !$*UTF8*$!
{
	archiveVersion = 1;
	classes = {
	};
	objectVersion = 54;
	objects = {

/* Begin PBXBuildFile section */
		00E356F31AD99517003FC87E /* CofeeShopTests.m in Sources */ = {isa = PBXBuildFile; fileRef = 00E356F21AD99517003FC87E /* CofeeShopTests.m */; };
		03D8B7710CB246A2ACEB92E7 /* black_coffee_pic_2_square.png in Resources */ = {isa = PBXBuildFile; fileRef = 770C5143193C41AFBA7C58CD /* black_coffee_pic_2_square.png */; };
		046A02EE234B4DE4B62F6C61 /* liberica_coffee_beans_square.png in Resources */ = {isa = PBXBuildFile; fileRef = E21E0420AE9F4C68ABE68FE2 /* liberica_coffee_beans_square.png */; };
		04A085D4DDDE443480E3EC79 /* macchiato_pic_1_square.png in Resources */ = {isa = PBXBuildFile; fileRef = 8C22B5622165404890B0D34B /* macchiato_pic_1_square.png */; };
		06D6A81FF3A849C9B4D01647 /* macchiato_pic_3_square.png in Resources */ = {isa = PBXBuildFile; fileRef = 316BC38690924DA09615871C /* macchiato_pic_3_square.png */; };
		0800EE73F76442AD92C6B372 /* latte_pic_1_portrait.png in Resources */ = {isa = PBXBuildFile; fileRef = FCA0B8A7D006467CB60189B6 /* latte_pic_1_portrait.png */; };
		08045190E9BC4DBFBB5E822D /* Poppins-Black.ttf in Resources */ = {isa = PBXBuildFile; fileRef = ADD904A158884A1E97CEC91F /* Poppins-Black.ttf */; };
		0A9D4D7A5C30401AAF917C8D /* Poppins-SemiBold.ttf in Resources */ = {isa = PBXBuildFile; fileRef = 4CADA766C4BD4CBD8006D175 /* Poppins-SemiBold.ttf */; };
		0C80B921A6F3F58F76C31292 /* libPods-CofeeShop.a in Frameworks */ = {isa = PBXBuildFile; fileRef = 5DCACB8F33CDC322A6C60F78 /* libPods-CofeeShop.a */; };
		0E78C85A6D844523836971C5 /* americano_pic_3_square.png in Resources */ = {isa = PBXBuildFile; fileRef = 1CD824E494BA4EF48FD1EC2A /* americano_pic_3_square.png */; };
		13B07FBC1A68108700A75B9A /* AppDelegate.mm in Sources */ = {isa = PBXBuildFile; fileRef = 13B07FB01A68108700A75B9A /* AppDelegate.mm */; };
		13B07FBF1A68108700A75B9A /* Images.xcassets in Resources */ = {isa = PBXBuildFile; fileRef = 13B07FB51A68108700A75B9A /* Images.xcassets */; };
		13B07FC11A68108700A75B9A /* main.m in Sources */ = {isa = PBXBuildFile; fileRef = 13B07FB71A68108700A75B9A /* main.m */; };
		181A2DAD65AE45909784F5CA /* macchiato_pic_3_portrait.png in Resources */ = {isa = PBXBuildFile; fileRef = 183F79D5916D402DAB2B3FFA /* macchiato_pic_3_portrait.png */; };
		1B8493601E34428CB74258AA /* black_coffee_pic_2_portrait.png in Resources */ = {isa = PBXBuildFile; fileRef = 5F5DB904D02343988B0B9245 /* black_coffee_pic_2_portrait.png */; };
		237C381B320D4E099A8CFDB7 /* liberica_coffee_beans_portrait.png in Resources */ = {isa = PBXBuildFile; fileRef = E7B86D5D38F74E4DB078B740 /* liberica_coffee_beans_portrait.png */; };
		290EADDA84DB446DB0AE55E7 /* americano_pic_1_square.png in Resources */ = {isa = PBXBuildFile; fileRef = 85B7B50FB041434E8101C7F3 /* americano_pic_1_square.png */; };
		2C76D2FB94B841DFA0D8EB8A /* macchiato_pic_1_portrait.png in Resources */ = {isa = PBXBuildFile; fileRef = 4749340E0960463EAD4030B3 /* macchiato_pic_1_portrait.png */; };
		2C77E9D12CF04DDDBF1245F5 /* arabica_coffee_beans_portrait.png in Resources */ = {isa = PBXBuildFile; fileRef = A34A1565C2314B35902BD2CA /* arabica_coffee_beans_portrait.png */; };
		2D1E80E8D6AB4629B2C40193 /* latte_pic_3_portrait.png in Resources */ = {isa = PBXBuildFile; fileRef = DF945252F1AA4BB284946CB1 /* latte_pic_3_portrait.png */; };
		32246C5B89F845DFB795BD77 /* applepay.png in Resources */ = {isa = PBXBuildFile; fileRef = C5437C4B293D443897148992 /* applepay.png */; };
		3C99788F45E940C2A98CDBC2 /* black_coffee_pic_1_square.png in Resources */ = {isa = PBXBuildFile; fileRef = 26897CCF1D87447089DC1009 /* black_coffee_pic_1_square.png */; };
		3DDDD43889454B5DAF74E418 /* Poppins-Light.ttf in Resources */ = {isa = PBXBuildFile; fileRef = 7CF44F9048234E6F92D0DD39 /* Poppins-Light.ttf */; };
		4539474D920C40E0A28C7021 /* excelsa_coffee_beans_portrait.png in Resources */ = {isa = PBXBuildFile; fileRef = 19203603483B43218FD663C3 /* excelsa_coffee_beans_portrait.png */; };
		460EB6A7706E4781AED69E85 /* Poppins-Medium.ttf in Resources */ = {isa = PBXBuildFile; fileRef = 217C82AF99804E7C87E4D7B7 /* Poppins-Medium.ttf */; };
		4F77E94C561E4953869C11FE /* Poppins-ExtraBold.ttf in Resources */ = {isa = PBXBuildFile; fileRef = 0E88A99691DC419ABB5BCE16 /* Poppins-ExtraBold.ttf */; };
		510280A948EC4A97A6FDE27F /* cappuccino_pic_3_portrait.png in Resources */ = {isa = PBXBuildFile; fileRef = CBB8E0841F4144B294F385E6 /* cappuccino_pic_3_portrait.png */; };
		52263D69551343F68B25A8A4 /* arabica_coffee_beans_square.png in Resources */ = {isa = PBXBuildFile; fileRef = 06EF2F8F510D499298BF3136 /* arabica_coffee_beans_square.png */; };
		542FB3F76E8C4CF185BD915A /* americano_pic_1_portrait.png in Resources */ = {isa = PBXBuildFile; fileRef = 74891FC504F94B56BBC3FD2A /* americano_pic_1_portrait.png */; };
		5C041358297D44D3B4C4270B /* robusta_coffee_beans_square.png in Resources */ = {isa = PBXBuildFile; fileRef = EFEDB687C949436F930E42E6 /* robusta_coffee_beans_square.png */; };
		691811D8907A4E549EDA9C7D /* Poppins-ExtraLight.ttf in Resources */ = {isa = PBXBuildFile; fileRef = ECE15F743CCF4D54B56AA43F /* Poppins-ExtraLight.ttf */; };
		738DFA8917494818A2393688 /* espresso_pic_3_portrait.png in Resources */ = {isa = PBXBuildFile; fileRef = CD889791E25749E2811A8B44 /* espresso_pic_3_portrait.png */; };
		73B6495D1F4948739A4C2EED /* espresso_pic_2_portrait.png in Resources */ = {isa = PBXBuildFile; fileRef = AB0F77D6CAF042619ED5ADCC /* espresso_pic_2_portrait.png */; };
		7699B88040F8A987B510C191 /* libPods-CofeeShop-CofeeShopTests.a in Frameworks */ = {isa = PBXBuildFile; fileRef = 19F6CBCC0A4E27FBF8BF4A61 /* libPods-CofeeShop-CofeeShopTests.a */; };
		7D300D5A12B64C44B3BC903A /* app_icons.ttf in Resources */ = {isa = PBXBuildFile; fileRef = 8F141E8F782041B8BD632858 /* app_icons.ttf */; };
		81AB9BB82411601600AC10FF /* LaunchScreen.storyboard in Resources */ = {isa = PBXBuildFile; fileRef = 81AB9BB72411601600AC10FF /* LaunchScreen.storyboard */; };
		822B7F3563254F8291329241 /* amazonpay.png in Resources */ = {isa = PBXBuildFile; fileRef = 1226B978760B4207A6A90558 /* amazonpay.png */; };
		855CEE05511445FB8AA6B42C /* macchiato_pic_2_square.png in Resources */ = {isa = PBXBuildFile; fileRef = 3DB18CE26FE44DF3A9BF90E4 /* macchiato_pic_2_square.png */; };
		932BD9251E2D46BFA2B7BBEF /* macchiato_pic_2_portrait.png in Resources */ = {isa = PBXBuildFile; fileRef = D68DF2832F8D4EF6B77503D3 /* macchiato_pic_2_portrait.png */; };
		9A9E205041D84978A0C8F912 /* black_coffee_pic_3_square.png in Resources */ = {isa = PBXBuildFile; fileRef = 8D0C7F442F3B4CCDB3FBD754 /* black_coffee_pic_3_square.png */; };
		9AB782D6EAE644C29C436FBB /* excelsa_coffee_beans_square.png in Resources */ = {isa = PBXBuildFile; fileRef = 70C071F962934CCB90C00198 /* excelsa_coffee_beans_square.png */; };
		A0E6331B0B954DA785E64F17 /* cappuccino_pic_2_square.png in Resources */ = {isa = PBXBuildFile; fileRef = 1AC65147E89C4A4EB54D9D0C /* cappuccino_pic_2_square.png */; };
		A76918FFC5B04474BA085A7E /* espresso_pic_3_square.png in Resources */ = {isa = PBXBuildFile; fileRef = 408B073D1D964396A48AA0A9 /* espresso_pic_3_square.png */; };
		AA69EA198980471180ED6AD1 /* cappuccino_pic_1_square.png in Resources */ = {isa = PBXBuildFile; fileRef = 5C4B2EE70E834415B1C5A219 /* cappuccino_pic_1_square.png */; };
		AAF69BDA2E464D349DC204CD /* latte_pic_1_square.png in Resources */ = {isa = PBXBuildFile; fileRef = 761FB84679EB4FA197973A8C /* latte_pic_1_square.png */; };
		B0D86B41365B47B7B841044A /* americano_pic_2_square.png in Resources */ = {isa = PBXBuildFile; fileRef = A19DB382B5534241B83C32A3 /* americano_pic_2_square.png */; };
		B43534174A3D4D6BAEFBA3B0 /* latte_pic_3_square.png in Resources */ = {isa = PBXBuildFile; fileRef = 791D906FE2DD4C1D842093FB /* latte_pic_3_square.png */; };
		B9DDA74A3E5C449FB80E84A4 /* espresso_pic_1_square.png in Resources */ = {isa = PBXBuildFile; fileRef = 91554622F81049BFADB11B81 /* espresso_pic_1_square.png */; };
		C0C6D25E9D0644B3BF234CB0 /* cappuccino_pic_1_portrait.png in Resources */ = {isa = PBXBuildFile; fileRef = 8AB0027A4C6340868454870C /* cappuccino_pic_1_portrait.png */; };
		C19CC25E238A4DBBBC549746 /* Poppins-Thin.ttf in Resources */ = {isa = PBXBuildFile; fileRef = 43DE8654D04341D2B51514E8 /* Poppins-Thin.ttf */; };
		CA2BAB92CD96494DA6280E83 /* cappuccino_pic_2_portrait.png in Resources */ = {isa = PBXBuildFile; fileRef = B988557C60E34F6DAAD8FBA7 /* cappuccino_pic_2_portrait.png */; };
		CA70C2B28CD04843996F8170 /* espresso_pic_1_portrait.png in Resources */ = {isa = PBXBuildFile; fileRef = B42FA5F2690E44EFA35AE202 /* espresso_pic_1_portrait.png */; };
		CC81E7DA224A40EAAD5EFA42 /* avatar.png in Resources */ = {isa = PBXBuildFile; fileRef = 1B603DF1007544AFA221436E /* avatar.png */; };
		D04CE6884E4D41EE9EE4DD1B /* latte_pic_2_portrait.png in Resources */ = {isa = PBXBuildFile; fileRef = 739BD9A0F76342889ADC5BB3 /* latte_pic_2_portrait.png */; };
		D104813E474D486594E8072F /* latte_pic_2_square.png in Resources */ = {isa = PBXBuildFile; fileRef = 69C030179B784BEF92E27390 /* latte_pic_2_square.png */; };
		D84C537252B94EC3BEE44B19 /* black_coffee_pic_3_portrait.png in Resources */ = {isa = PBXBuildFile; fileRef = 3F06A903958B41C0806ABC1C /* black_coffee_pic_3_portrait.png */; };
		DB4466D3FC3544C7A6C94777 /* black_coffee_pic_1_portrait.png in Resources */ = {isa = PBXBuildFile; fileRef = 65C4CD5F911244368C71FD4B /* black_coffee_pic_1_portrait.png */; };
		DC3DD27570CA41BAA7998234 /* Poppins-Bold.ttf in Resources */ = {isa = PBXBuildFile; fileRef = 773ABC224BA44FB48357899D /* Poppins-Bold.ttf */; };
		E3CD52DB17374865902E81A9 /* americano_pic_3_portrait.png in Resources */ = {isa = PBXBuildFile; fileRef = 0058A1D1DEFD44519FE826C2 /* americano_pic_3_portrait.png */; };
		E4506128A94442A8BEAA7435 /* Poppins-Regular.ttf in Resources */ = {isa = PBXBuildFile; fileRef = 4C75DBD0489B43878D0218A0 /* Poppins-Regular.ttf */; };
		EB0F5E4AE5A84C31B8AC2A4A /* espresso_pic_2_square.png in Resources */ = {isa = PBXBuildFile; fileRef = FEC7C4B4DD4643F3A318D177 /* espresso_pic_2_square.png */; };
		EC1449472D8C45DC81D53F5A /* gpay.png in Resources */ = {isa = PBXBuildFile; fileRef = AC14313AD08A4BCD90B41A56 /* gpay.png */; };
		F0291BFE938643CD84299802 /* americano_pic_2_portrait.png in Resources */ = {isa = PBXBuildFile; fileRef = C001CA66B05A4B1CBA8146BF /* americano_pic_2_portrait.png */; };
		F16F75D3094B44FA8169D629 /* cappuccino_pic_3_square.png in Resources */ = {isa = PBXBuildFile; fileRef = 8A29857C5D904519A7724C57 /* cappuccino_pic_3_square.png */; };
		F17078BA04B742D7A280A405 /* robusta_coffee_beans_portrait.png in Resources */ = {isa = PBXBuildFile; fileRef = 1AD42F702AC8458586568052 /* robusta_coffee_beans_portrait.png */; };
/* End PBXBuildFile section */

/* Begin PBXContainerItemProxy section */
		00E356F41AD99517003FC87E /* PBXContainerItemProxy */ = {
			isa = PBXContainerItemProxy;
			containerPortal = 83CBB9F71A601CBA00E9B192 /* Project object */;
			proxyType = 1;
			remoteGlobalIDString = 13B07F861A680F5B00A75B9A;
			remoteInfo = CofeeShop;
		};
/* End PBXContainerItemProxy section */

/* Begin PBXFileReference section */
		0058A1D1DEFD44519FE826C2 /* americano_pic_3_portrait.png */ = {isa = PBXFileReference; explicitFileType = undefined; fileEncoding = undefined; includeInIndex = 0; lastKnownFileType = unknown; name = americano_pic_3_portrait.png; path = ../src/assets/coffee_assets/americano/portrait/americano_pic_3_portrait.png; sourceTree = "<group>"; };
		00E356EE1AD99517003FC87E /* CofeeShopTests.xctest */ = {isa = PBXFileReference; explicitFileType = wrapper.cfbundle; includeInIndex = 0; path = CofeeShopTests.xctest; sourceTree = BUILT_PRODUCTS_DIR; };
		00E356F11AD99517003FC87E /* Info.plist */ = {isa = PBXFileReference; lastKnownFileType = text.plist.xml; path = Info.plist; sourceTree = "<group>"; };
		00E356F21AD99517003FC87E /* CofeeShopTests.m */ = {isa = PBXFileReference; lastKnownFileType = sourcecode.c.objc; path = CofeeShopTests.m; sourceTree = "<group>"; };
		06EF2F8F510D499298BF3136 /* arabica_coffee_beans_square.png */ = {isa = PBXFileReference; explicitFileType = undefined; fileEncoding = undefined; includeInIndex = 0; lastKnownFileType = unknown; name = arabica_coffee_beans_square.png; path = ../src/assets/coffee_assets/arabica_coffee_beans/arabica_coffee_beans_square.png; sourceTree = "<group>"; };
		0E88A99691DC419ABB5BCE16 /* Poppins-ExtraBold.ttf */ = {isa = PBXFileReference; explicitFileType = undefined; fileEncoding = undefined; includeInIndex = 0; lastKnownFileType = unknown; name = "Poppins-ExtraBold.ttf"; path = "../src/assets/fonts/Poppins-ExtraBold.ttf"; sourceTree = "<group>"; };
		1226B978760B4207A6A90558 /* amazonpay.png */ = {isa = PBXFileReference; explicitFileType = undefined; fileEncoding = undefined; includeInIndex = 0; lastKnownFileType = unknown; name = amazonpay.png; path = ../src/assets/app_images/amazonpay.png; sourceTree = "<group>"; };
		13B07F961A680F5B00A75B9A /* CofeeShop.app */ = {isa = PBXFileReference; explicitFileType = wrapper.application; includeInIndex = 0; path = CofeeShop.app; sourceTree = BUILT_PRODUCTS_DIR; };
		13B07FAF1A68108700A75B9A /* AppDelegate.h */ = {isa = PBXFileReference; fileEncoding = 4; lastKnownFileType = sourcecode.c.h; name = AppDelegate.h; path = CofeeShop/AppDelegate.h; sourceTree = "<group>"; };
		13B07FB01A68108700A75B9A /* AppDelegate.mm */ = {isa = PBXFileReference; fileEncoding = 4; lastKnownFileType = sourcecode.cpp.objcpp; name = AppDelegate.mm; path = CofeeShop/AppDelegate.mm; sourceTree = "<group>"; };
		13B07FB51A68108700A75B9A /* Images.xcassets */ = {isa = PBXFileReference; lastKnownFileType = folder.assetcatalog; name = Images.xcassets; path = CofeeShop/Images.xcassets; sourceTree = "<group>"; };
		13B07FB61A68108700A75B9A /* Info.plist */ = {isa = PBXFileReference; fileEncoding = 4; lastKnownFileType = text.plist.xml; name = Info.plist; path = CofeeShop/Info.plist; sourceTree = "<group>"; };
		13B07FB71A68108700A75B9A /* main.m */ = {isa = PBXFileReference; fileEncoding = 4; lastKnownFileType = sourcecode.c.objc; name = main.m; path = CofeeShop/main.m; sourceTree = "<group>"; };
		183F79D5916D402DAB2B3FFA /* macchiato_pic_3_portrait.png */ = {isa = PBXFileReference; explicitFileType = undefined; fileEncoding = undefined; includeInIndex = 0; lastKnownFileType = unknown; name = macchiato_pic_3_portrait.png; path = ../src/assets/coffee_assets/macchiato/portrait/macchiato_pic_3_portrait.png; sourceTree = "<group>"; };
		19203603483B43218FD663C3 /* excelsa_coffee_beans_portrait.png */ = {isa = PBXFileReference; explicitFileType = undefined; fileEncoding = undefined; includeInIndex = 0; lastKnownFileType = unknown; name = excelsa_coffee_beans_portrait.png; path = ../src/assets/coffee_assets/excelsa_coffee_beans/excelsa_coffee_beans_portrait.png; sourceTree = "<group>"; };
		19F6CBCC0A4E27FBF8BF4A61 /* libPods-CofeeShop-CofeeShopTests.a */ = {isa = PBXFileReference; explicitFileType = archive.ar; includeInIndex = 0; path = "libPods-CofeeShop-CofeeShopTests.a"; sourceTree = BUILT_PRODUCTS_DIR; };
		1AC65147E89C4A4EB54D9D0C /* cappuccino_pic_2_square.png */ = {isa = PBXFileReference; explicitFileType = undefined; fileEncoding = undefined; includeInIndex = 0; lastKnownFileType = unknown; name = cappuccino_pic_2_square.png; path = ../src/assets/coffee_assets/cappuccino/square/cappuccino_pic_2_square.png; sourceTree = "<group>"; };
		1AD42F702AC8458586568052 /* robusta_coffee_beans_portrait.png */ = {isa = PBXFileReference; explicitFileType = undefined; fileEncoding = undefined; includeInIndex = 0; lastKnownFileType = unknown; name = robusta_coffee_beans_portrait.png; path = ../src/assets/coffee_assets/robusta_coffee_beans/robusta_coffee_beans_portrait.png; sourceTree = "<group>"; };
		1B603DF1007544AFA221436E /* avatar.png */ = {isa = PBXFileReference; explicitFileType = undefined; fileEncoding = undefined; includeInIndex = 0; lastKnownFileType = unknown; name = avatar.png; path = ../src/assets/app_images/avatar.png; sourceTree = "<group>"; };
		1CD824E494BA4EF48FD1EC2A /* americano_pic_3_square.png */ = {isa = PBXFileReference; explicitFileType = undefined; fileEncoding = undefined; includeInIndex = 0; lastKnownFileType = unknown; name = americano_pic_3_square.png; path = ../src/assets/coffee_assets/americano/square/americano_pic_3_square.png; sourceTree = "<group>"; };
		217C82AF99804E7C87E4D7B7 /* Poppins-Medium.ttf */ = {isa = PBXFileReference; explicitFileType = undefined; fileEncoding = undefined; includeInIndex = 0; lastKnownFileType = unknown; name = "Poppins-Medium.ttf"; path = "../src/assets/fonts/Poppins-Medium.ttf"; sourceTree = "<group>"; };
		26897CCF1D87447089DC1009 /* black_coffee_pic_1_square.png */ = {isa = PBXFileReference; explicitFileType = undefined; fileEncoding = undefined; includeInIndex = 0; lastKnownFileType = unknown; name = black_coffee_pic_1_square.png; path = ../src/assets/coffee_assets/black_coffee/square/black_coffee_pic_1_square.png; sourceTree = "<group>"; };
		316BC38690924DA09615871C /* macchiato_pic_3_square.png */ = {isa = PBXFileReference; explicitFileType = undefined; fileEncoding = undefined; includeInIndex = 0; lastKnownFileType = unknown; name = macchiato_pic_3_square.png; path = ../src/assets/coffee_assets/macchiato/square/macchiato_pic_3_square.png; sourceTree = "<group>"; };
		3B4392A12AC88292D35C810B /* Pods-CofeeShop.debug.xcconfig */ = {isa = PBXFileReference; includeInIndex = 1; lastKnownFileType = text.xcconfig; name = "Pods-CofeeShop.debug.xcconfig"; path = "Target Support Files/Pods-CofeeShop/Pods-CofeeShop.debug.xcconfig"; sourceTree = "<group>"; };
		3DB18CE26FE44DF3A9BF90E4 /* macchiato_pic_2_square.png */ = {isa = PBXFileReference; explicitFileType = undefined; fileEncoding = undefined; includeInIndex = 0; lastKnownFileType = unknown; name = macchiato_pic_2_square.png; path = ../src/assets/coffee_assets/macchiato/square/macchiato_pic_2_square.png; sourceTree = "<group>"; };
		3F06A903958B41C0806ABC1C /* black_coffee_pic_3_portrait.png */ = {isa = PBXFileReference; explicitFileType = undefined; fileEncoding = undefined; includeInIndex = 0; lastKnownFileType = unknown; name = black_coffee_pic_3_portrait.png; path = ../src/assets/coffee_assets/black_coffee/portrait/black_coffee_pic_3_portrait.png; sourceTree = "<group>"; };
		408B073D1D964396A48AA0A9 /* espresso_pic_3_square.png */ = {isa = PBXFileReference; explicitFileType = undefined; fileEncoding = undefined; includeInIndex = 0; lastKnownFileType = unknown; name = espresso_pic_3_square.png; path = ../src/assets/coffee_assets/espresso/square/espresso_pic_3_square.png; sourceTree = "<group>"; };
		43DE8654D04341D2B51514E8 /* Poppins-Thin.ttf */ = {isa = PBXFileReference; explicitFileType = undefined; fileEncoding = undefined; includeInIndex = 0; lastKnownFileType = unknown; name = "Poppins-Thin.ttf"; path = "../src/assets/fonts/Poppins-Thin.ttf"; sourceTree = "<group>"; };
		4749340E0960463EAD4030B3 /* macchiato_pic_1_portrait.png */ = {isa = PBXFileReference; explicitFileType = undefined; fileEncoding = undefined; includeInIndex = 0; lastKnownFileType = unknown; name = macchiato_pic_1_portrait.png; path = ../src/assets/coffee_assets/macchiato/portrait/macchiato_pic_1_portrait.png; sourceTree = "<group>"; };
		4C75DBD0489B43878D0218A0 /* Poppins-Regular.ttf */ = {isa = PBXFileReference; explicitFileType = undefined; fileEncoding = undefined; includeInIndex = 0; lastKnownFileType = unknown; name = "Poppins-Regular.ttf"; path = "../src/assets/fonts/Poppins-Regular.ttf"; sourceTree = "<group>"; };
		4CADA766C4BD4CBD8006D175 /* Poppins-SemiBold.ttf */ = {isa = PBXFileReference; explicitFileType = undefined; fileEncoding = undefined; includeInIndex = 0; lastKnownFileType = unknown; name = "Poppins-SemiBold.ttf"; path = "../src/assets/fonts/Poppins-SemiBold.ttf"; sourceTree = "<group>"; };
		5709B34CF0A7D63546082F79 /* Pods-CofeeShop.release.xcconfig */ = {isa = PBXFileReference; includeInIndex = 1; lastKnownFileType = text.xcconfig; name = "Pods-CofeeShop.release.xcconfig"; path = "Target Support Files/Pods-CofeeShop/Pods-CofeeShop.release.xcconfig"; sourceTree = "<group>"; };
		5B7EB9410499542E8C5724F5 /* Pods-CofeeShop-CofeeShopTests.debug.xcconfig */ = {isa = PBXFileReference; includeInIndex = 1; lastKnownFileType = text.xcconfig; name = "Pods-CofeeShop-CofeeShopTests.debug.xcconfig"; path = "Target Support Files/Pods-CofeeShop-CofeeShopTests/Pods-CofeeShop-CofeeShopTests.debug.xcconfig"; sourceTree = "<group>"; };
		5C4B2EE70E834415B1C5A219 /* cappuccino_pic_1_square.png */ = {isa = PBXFileReference; explicitFileType = undefined; fileEncoding = undefined; includeInIndex = 0; lastKnownFileType = unknown; name = cappuccino_pic_1_square.png; path = ../src/assets/coffee_assets/cappuccino/square/cappuccino_pic_1_square.png; sourceTree = "<group>"; };
		5DCACB8F33CDC322A6C60F78 /* libPods-CofeeShop.a */ = {isa = PBXFileReference; explicitFileType = archive.ar; includeInIndex = 0; path = "libPods-CofeeShop.a"; sourceTree = BUILT_PRODUCTS_DIR; };
		5F5DB904D02343988B0B9245 /* black_coffee_pic_2_portrait.png */ = {isa = PBXFileReference; explicitFileType = undefined; fileEncoding = undefined; includeInIndex = 0; lastKnownFileType = unknown; name = black_coffee_pic_2_portrait.png; path = ../src/assets/coffee_assets/black_coffee/portrait/black_coffee_pic_2_portrait.png; sourceTree = "<group>"; };
		65C4CD5F911244368C71FD4B /* black_coffee_pic_1_portrait.png */ = {isa = PBXFileReference; explicitFileType = undefined; fileEncoding = undefined; includeInIndex = 0; lastKnownFileType = unknown; name = black_coffee_pic_1_portrait.png; path = ../src/assets/coffee_assets/black_coffee/portrait/black_coffee_pic_1_portrait.png; sourceTree = "<group>"; };
		69C030179B784BEF92E27390 /* latte_pic_2_square.png */ = {isa = PBXFileReference; explicitFileType = undefined; fileEncoding = undefined; includeInIndex = 0; lastKnownFileType = unknown; name = latte_pic_2_square.png; path = ../src/assets/coffee_assets/latte/square/latte_pic_2_square.png; sourceTree = "<group>"; };
		70C071F962934CCB90C00198 /* excelsa_coffee_beans_square.png */ = {isa = PBXFileReference; explicitFileType = undefined; fileEncoding = undefined; includeInIndex = 0; lastKnownFileType = unknown; name = excelsa_coffee_beans_square.png; path = ../src/assets/coffee_assets/excelsa_coffee_beans/excelsa_coffee_beans_square.png; sourceTree = "<group>"; };
		739BD9A0F76342889ADC5BB3 /* latte_pic_2_portrait.png */ = {isa = PBXFileReference; explicitFileType = undefined; fileEncoding = undefined; includeInIndex = 0; lastKnownFileType = unknown; name = latte_pic_2_portrait.png; path = ../src/assets/coffee_assets/latte/portrait/latte_pic_2_portrait.png; sourceTree = "<group>"; };
		74891FC504F94B56BBC3FD2A /* americano_pic_1_portrait.png */ = {isa = PBXFileReference; explicitFileType = undefined; fileEncoding = undefined; includeInIndex = 0; lastKnownFileType = unknown; name = americano_pic_1_portrait.png; path = ../src/assets/coffee_assets/americano/portrait/americano_pic_1_portrait.png; sourceTree = "<group>"; };
		761FB84679EB4FA197973A8C /* latte_pic_1_square.png */ = {isa = PBXFileReference; explicitFileType = undefined; fileEncoding = undefined; includeInIndex = 0; lastKnownFileType = unknown; name = latte_pic_1_square.png; path = ../src/assets/coffee_assets/latte/square/latte_pic_1_square.png; sourceTree = "<group>"; };
		770C5143193C41AFBA7C58CD /* black_coffee_pic_2_square.png */ = {isa = PBXFileReference; explicitFileType = undefined; fileEncoding = undefined; includeInIndex = 0; lastKnownFileType = unknown; name = black_coffee_pic_2_square.png; path = ../src/assets/coffee_assets/black_coffee/square/black_coffee_pic_2_square.png; sourceTree = "<group>"; };
		773ABC224BA44FB48357899D /* Poppins-Bold.ttf */ = {isa = PBXFileReference; explicitFileType = undefined; fileEncoding = undefined; includeInIndex = 0; lastKnownFileType = unknown; name = "Poppins-Bold.ttf"; path = "../src/assets/fonts/Poppins-Bold.ttf"; sourceTree = "<group>"; };
		791D906FE2DD4C1D842093FB /* latte_pic_3_square.png */ = {isa = PBXFileReference; explicitFileType = undefined; fileEncoding = undefined; includeInIndex = 0; lastKnownFileType = unknown; name = latte_pic_3_square.png; path = ../src/assets/coffee_assets/latte/square/latte_pic_3_square.png; sourceTree = "<group>"; };
		7CF44F9048234E6F92D0DD39 /* Poppins-Light.ttf */ = {isa = PBXFileReference; explicitFileType = undefined; fileEncoding = undefined; includeInIndex = 0; lastKnownFileType = unknown; name = "Poppins-Light.ttf"; path = "../src/assets/fonts/Poppins-Light.ttf"; sourceTree = "<group>"; };
		81AB9BB72411601600AC10FF /* LaunchScreen.storyboard */ = {isa = PBXFileReference; fileEncoding = 4; lastKnownFileType = file.storyboard; name = LaunchScreen.storyboard; path = CofeeShop/LaunchScreen.storyboard; sourceTree = "<group>"; };
		85B7B50FB041434E8101C7F3 /* americano_pic_1_square.png */ = {isa = PBXFileReference; explicitFileType = undefined; fileEncoding = undefined; includeInIndex = 0; lastKnownFileType = unknown; name = americano_pic_1_square.png; path = ../src/assets/coffee_assets/americano/square/americano_pic_1_square.png; sourceTree = "<group>"; };
		89C6BE57DB24E9ADA2F236DE /* Pods-CofeeShop-CofeeShopTests.release.xcconfig */ = {isa = PBXFileReference; includeInIndex = 1; lastKnownFileType = text.xcconfig; name = "Pods-CofeeShop-CofeeShopTests.release.xcconfig"; path = "Target Support Files/Pods-CofeeShop-CofeeShopTests/Pods-CofeeShop-CofeeShopTests.release.xcconfig"; sourceTree = "<group>"; };
		8A29857C5D904519A7724C57 /* cappuccino_pic_3_square.png */ = {isa = PBXFileReference; explicitFileType = undefined; fileEncoding = undefined; includeInIndex = 0; lastKnownFileType = unknown; name = cappuccino_pic_3_square.png; path = ../src/assets/coffee_assets/cappuccino/square/cappuccino_pic_3_square.png; sourceTree = "<group>"; };
		8AB0027A4C6340868454870C /* cappuccino_pic_1_portrait.png */ = {isa = PBXFileReference; explicitFileType = undefined; fileEncoding = undefined; includeInIndex = 0; lastKnownFileType = unknown; name = cappuccino_pic_1_portrait.png; path = ../src/assets/coffee_assets/cappuccino/portrait/cappuccino_pic_1_portrait.png; sourceTree = "<group>"; };
		8C22B5622165404890B0D34B /* macchiato_pic_1_square.png */ = {isa = PBXFileReference; explicitFileType = undefined; fileEncoding = undefined; includeInIndex = 0; lastKnownFileType = unknown; name = macchiato_pic_1_square.png; path = ../src/assets/coffee_assets/macchiato/square/macchiato_pic_1_square.png; sourceTree = "<group>"; };
		8D0C7F442F3B4CCDB3FBD754 /* black_coffee_pic_3_square.png */ = {isa = PBXFileReference; explicitFileType = undefined; fileEncoding = undefined; includeInIndex = 0; lastKnownFileType = unknown; name = black_coffee_pic_3_square.png; path = ../src/assets/coffee_assets/black_coffee/square/black_coffee_pic_3_square.png; sourceTree = "<group>"; };
		8F141E8F782041B8BD632858 /* app_icons.ttf */ = {isa = PBXFileReference; explicitFileType = undefined; fileEncoding = undefined; includeInIndex = 0; lastKnownFileType = unknown; name = app_icons.ttf; path = ../src/assets/fonts/app_icons.ttf; sourceTree = "<group>"; };
		91554622F81049BFADB11B81 /* espresso_pic_1_square.png */ = {isa = PBXFileReference; explicitFileType = undefined; fileEncoding = undefined; includeInIndex = 0; lastKnownFileType = unknown; name = espresso_pic_1_square.png; path = ../src/assets/coffee_assets/espresso/square/espresso_pic_1_square.png; sourceTree = "<group>"; };
		A19DB382B5534241B83C32A3 /* americano_pic_2_square.png */ = {isa = PBXFileReference; explicitFileType = undefined; fileEncoding = undefined; includeInIndex = 0; lastKnownFileType = unknown; name = americano_pic_2_square.png; path = ../src/assets/coffee_assets/americano/square/americano_pic_2_square.png; sourceTree = "<group>"; };
		A34A1565C2314B35902BD2CA /* arabica_coffee_beans_portrait.png */ = {isa = PBXFileReference; explicitFileType = undefined; fileEncoding = undefined; includeInIndex = 0; lastKnownFileType = unknown; name = arabica_coffee_beans_portrait.png; path = ../src/assets/coffee_assets/arabica_coffee_beans/arabica_coffee_beans_portrait.png; sourceTree = "<group>"; };
		AB0F77D6CAF042619ED5ADCC /* espresso_pic_2_portrait.png */ = {isa = PBXFileReference; explicitFileType = undefined; fileEncoding = undefined; includeInIndex = 0; lastKnownFileType = unknown; name = espresso_pic_2_portrait.png; path = ../src/assets/coffee_assets/espresso/portrait/espresso_pic_2_portrait.png; sourceTree = "<group>"; };
		AC14313AD08A4BCD90B41A56 /* gpay.png */ = {isa = PBXFileReference; explicitFileType = undefined; fileEncoding = undefined; includeInIndex = 0; lastKnownFileType = unknown; name = gpay.png; path = ../src/assets/app_images/gpay.png; sourceTree = "<group>"; };
		ADD904A158884A1E97CEC91F /* Poppins-Black.ttf */ = {isa = PBXFileReference; explicitFileType = undefined; fileEncoding = undefined; includeInIndex = 0; lastKnownFileType = unknown; name = "Poppins-Black.ttf"; path = "../src/assets/fonts/Poppins-Black.ttf"; sourceTree = "<group>"; };
		B42FA5F2690E44EFA35AE202 /* espresso_pic_1_portrait.png */ = {isa = PBXFileReference; explicitFileType = undefined; fileEncoding = undefined; includeInIndex = 0; lastKnownFileType = unknown; name = espresso_pic_1_portrait.png; path = ../src/assets/coffee_assets/espresso/portrait/espresso_pic_1_portrait.png; sourceTree = "<group>"; };
		B988557C60E34F6DAAD8FBA7 /* cappuccino_pic_2_portrait.png */ = {isa = PBXFileReference; explicitFileType = undefined; fileEncoding = undefined; includeInIndex = 0; lastKnownFileType = unknown; name = cappuccino_pic_2_portrait.png; path = ../src/assets/coffee_assets/cappuccino/portrait/cappuccino_pic_2_portrait.png; sourceTree = "<group>"; };
		C001CA66B05A4B1CBA8146BF /* americano_pic_2_portrait.png */ = {isa = PBXFileReference; explicitFileType = undefined; fileEncoding = undefined; includeInIndex = 0; lastKnownFileType = unknown; name = americano_pic_2_portrait.png; path = ../src/assets/coffee_assets/americano/portrait/americano_pic_2_portrait.png; sourceTree = "<group>"; };
		C5437C4B293D443897148992 /* applepay.png */ = {isa = PBXFileReference; explicitFileType = undefined; fileEncoding = undefined; includeInIndex = 0; lastKnownFileType = unknown; name = applepay.png; path = ../src/assets/app_images/applepay.png; sourceTree = "<group>"; };
		CBB8E0841F4144B294F385E6 /* cappuccino_pic_3_portrait.png */ = {isa = PBXFileReference; explicitFileType = undefined; fileEncoding = undefined; includeInIndex = 0; lastKnownFileType = unknown; name = cappuccino_pic_3_portrait.png; path = ../src/assets/coffee_assets/cappuccino/portrait/cappuccino_pic_3_portrait.png; sourceTree = "<group>"; };
		CD889791E25749E2811A8B44 /* espresso_pic_3_portrait.png */ = {isa = PBXFileReference; explicitFileType = undefined; fileEncoding = undefined; includeInIndex = 0; lastKnownFileType = unknown; name = espresso_pic_3_portrait.png; path = ../src/assets/coffee_assets/espresso/portrait/espresso_pic_3_portrait.png; sourceTree = "<group>"; };
		D68DF2832F8D4EF6B77503D3 /* macchiato_pic_2_portrait.png */ = {isa = PBXFileReference; explicitFileType = undefined; fileEncoding = undefined; includeInIndex = 0; lastKnownFileType = unknown; name = macchiato_pic_2_portrait.png; path = ../src/assets/coffee_assets/macchiato/portrait/macchiato_pic_2_portrait.png; sourceTree = "<group>"; };
		DF945252F1AA4BB284946CB1 /* latte_pic_3_portrait.png */ = {isa = PBXFileReference; explicitFileType = undefined; fileEncoding = undefined; includeInIndex = 0; lastKnownFileType = unknown; name = latte_pic_3_portrait.png; path = ../src/assets/coffee_assets/latte/portrait/latte_pic_3_portrait.png; sourceTree = "<group>"; };
		E21E0420AE9F4C68ABE68FE2 /* liberica_coffee_beans_square.png */ = {isa = PBXFileReference; explicitFileType = undefined; fileEncoding = undefined; includeInIndex = 0; lastKnownFileType = unknown; name = liberica_coffee_beans_square.png; path = ../src/assets/coffee_assets/liberica_coffee_beans/liberica_coffee_beans_square.png; sourceTree = "<group>"; };
		E7B86D5D38F74E4DB078B740 /* liberica_coffee_beans_portrait.png */ = {isa = PBXFileReference; explicitFileType = undefined; fileEncoding = undefined; includeInIndex = 0; lastKnownFileType = unknown; name = liberica_coffee_beans_portrait.png; path = ../src/assets/coffee_assets/liberica_coffee_beans/liberica_coffee_beans_portrait.png; sourceTree = "<group>"; };
		ECE15F743CCF4D54B56AA43F /* Poppins-ExtraLight.ttf */ = {isa = PBXFileReference; explicitFileType = undefined; fileEncoding = undefined; includeInIndex = 0; lastKnownFileType = unknown; name = "Poppins-ExtraLight.ttf"; path = "../src/assets/fonts/Poppins-ExtraLight.ttf"; sourceTree = "<group>"; };
		ED297162215061F000B7C4FE /* JavaScriptCore.framework */ = {isa = PBXFileReference; lastKnownFileType = wrapper.framework; name = JavaScriptCore.framework; path = System/Library/Frameworks/JavaScriptCore.framework; sourceTree = SDKROOT; };
		EFEDB687C949436F930E42E6 /* robusta_coffee_beans_square.png */ = {isa = PBXFileReference; explicitFileType = undefined; fileEncoding = undefined; includeInIndex = 0; lastKnownFileType = unknown; name = robusta_coffee_beans_square.png; path = ../src/assets/coffee_assets/robusta_coffee_beans/robusta_coffee_beans_square.png; sourceTree = "<group>"; };
		FCA0B8A7D006467CB60189B6 /* latte_pic_1_portrait.png */ = {isa = PBXFileReference; explicitFileType = undefined; fileEncoding = undefined; includeInIndex = 0; lastKnownFileType = unknown; name = latte_pic_1_portrait.png; path = ../src/assets/coffee_assets/latte/portrait/latte_pic_1_portrait.png; sourceTree = "<group>"; };
		FEC7C4B4DD4643F3A318D177 /* espresso_pic_2_square.png */ = {isa = PBXFileReference; explicitFileType = undefined; fileEncoding = undefined; includeInIndex = 0; lastKnownFileType = unknown; name = espresso_pic_2_square.png; path = ../src/assets/coffee_assets/espresso/square/espresso_pic_2_square.png; sourceTree = "<group>"; };
/* End PBXFileReference section */

/* Begin PBXFrameworksBuildPhase section */
		00E356EB1AD99517003FC87E /* Frameworks */ = {
			isa = PBXFrameworksBuildPhase;
			buildActionMask = 2147483647;
			files = (
				7699B88040F8A987B510C191 /* libPods-CofeeShop-CofeeShopTests.a in Frameworks */,
			);
			runOnlyForDeploymentPostprocessing = 0;
		};
		13B07F8C1A680F5B00A75B9A /* Frameworks */ = {
			isa = PBXFrameworksBuildPhase;
			buildActionMask = 2147483647;
			files = (
				0C80B921A6F3F58F76C31292 /* libPods-CofeeShop.a in Frameworks */,
			);
			runOnlyForDeploymentPostprocessing = 0;
		};
/* End PBXFrameworksBuildPhase section */

/* Begin PBXGroup section */
		00E356EF1AD99517003FC87E /* CofeeShopTests */ = {
			isa = PBXGroup;
			children = (
				00E356F21AD99517003FC87E /* CofeeShopTests.m */,
				00E356F01AD99517003FC87E /* Supporting Files */,
			);
			path = CofeeShopTests;
			sourceTree = "<group>";
		};
		00E356F01AD99517003FC87E /* Supporting Files */ = {
			isa = PBXGroup;
			children = (
				00E356F11AD99517003FC87E /* Info.plist */,
			);
			name = "Supporting Files";
			sourceTree = "<group>";
		};
		13B07FAE1A68108700A75B9A /* CofeeShop */ = {
			isa = PBXGroup;
			children = (
				13B07FAF1A68108700A75B9A /* AppDelegate.h */,
				13B07FB01A68108700A75B9A /* AppDelegate.mm */,
				13B07FB51A68108700A75B9A /* Images.xcassets */,
				13B07FB61A68108700A75B9A /* Info.plist */,
				81AB9BB72411601600AC10FF /* LaunchScreen.storyboard */,
				13B07FB71A68108700A75B9A /* main.m */,
			);
			name = CofeeShop;
			sourceTree = "<group>";
		};
		2D16E6871FA4F8E400B85C8A /* Frameworks */ = {
			isa = PBXGroup;
			children = (
				ED297162215061F000B7C4FE /* JavaScriptCore.framework */,
				5DCACB8F33CDC322A6C60F78 /* libPods-CofeeShop.a */,
				19F6CBCC0A4E27FBF8BF4A61 /* libPods-CofeeShop-CofeeShopTests.a */,
			);
			name = Frameworks;
			sourceTree = "<group>";
		};
		832341AE1AAA6A7D00B99B32 /* Libraries */ = {
			isa = PBXGroup;
			children = (
			);
			name = Libraries;
			sourceTree = "<group>";
		};
		83CBB9F61A601CBA00E9B192 = {
			isa = PBXGroup;
			children = (
				13B07FAE1A68108700A75B9A /* CofeeShop */,
				832341AE1AAA6A7D00B99B32 /* Libraries */,
				00E356EF1AD99517003FC87E /* CofeeShopTests */,
				83CBBA001A601CBA00E9B192 /* Products */,
				2D16E6871FA4F8E400B85C8A /* Frameworks */,
				BBD78D7AC51CEA395F1C20DB /* Pods */,
				C43F467AB2A14AD3B1A9650E /* Resources */,
			);
			indentWidth = 2;
			sourceTree = "<group>";
			tabWidth = 2;
			usesTabs = 0;
		};
		83CBBA001A601CBA00E9B192 /* Products */ = {
			isa = PBXGroup;
			children = (
				13B07F961A680F5B00A75B9A /* CofeeShop.app */,
				00E356EE1AD99517003FC87E /* CofeeShopTests.xctest */,
			);
			name = Products;
			sourceTree = "<group>";
		};
		BBD78D7AC51CEA395F1C20DB /* Pods */ = {
			isa = PBXGroup;
			children = (
				3B4392A12AC88292D35C810B /* Pods-CofeeShop.debug.xcconfig */,
				5709B34CF0A7D63546082F79 /* Pods-CofeeShop.release.xcconfig */,
				5B7EB9410499542E8C5724F5 /* Pods-CofeeShop-CofeeShopTests.debug.xcconfig */,
				89C6BE57DB24E9ADA2F236DE /* Pods-CofeeShop-CofeeShopTests.release.xcconfig */,
			);
			path = Pods;
			sourceTree = "<group>";
		};
		C43F467AB2A14AD3B1A9650E /* Resources */ = {
			isa = PBXGroup;
			children = (
				ADD904A158884A1E97CEC91F /* Poppins-Black.ttf */,
				773ABC224BA44FB48357899D /* Poppins-Bold.ttf */,
				0E88A99691DC419ABB5BCE16 /* Poppins-ExtraBold.ttf */,
				ECE15F743CCF4D54B56AA43F /* Poppins-ExtraLight.ttf */,
				7CF44F9048234E6F92D0DD39 /* Poppins-Light.ttf */,
				217C82AF99804E7C87E4D7B7 /* Poppins-Medium.ttf */,
				4C75DBD0489B43878D0218A0 /* Poppins-Regular.ttf */,
				4CADA766C4BD4CBD8006D175 /* Poppins-SemiBold.ttf */,
				43DE8654D04341D2B51514E8 /* Poppins-Thin.ttf */,
				8F141E8F782041B8BD632858 /* app_icons.ttf */,
				1226B978760B4207A6A90558 /* amazonpay.png */,
				C5437C4B293D443897148992 /* applepay.png */,
				1B603DF1007544AFA221436E /* avatar.png */,
				AC14313AD08A4BCD90B41A56 /* gpay.png */,
				74891FC504F94B56BBC3FD2A /* americano_pic_1_portrait.png */,
				C001CA66B05A4B1CBA8146BF /* americano_pic_2_portrait.png */,
				0058A1D1DEFD44519FE826C2 /* americano_pic_3_portrait.png */,
				85B7B50FB041434E8101C7F3 /* americano_pic_1_square.png */,
				A19DB382B5534241B83C32A3 /* americano_pic_2_square.png */,
				1CD824E494BA4EF48FD1EC2A /* americano_pic_3_square.png */,
				A34A1565C2314B35902BD2CA /* arabica_coffee_beans_portrait.png */,
				06EF2F8F510D499298BF3136 /* arabica_coffee_beans_square.png */,
				65C4CD5F911244368C71FD4B /* black_coffee_pic_1_portrait.png */,
				5F5DB904D02343988B0B9245 /* black_coffee_pic_2_portrait.png */,
				3F06A903958B41C0806ABC1C /* black_coffee_pic_3_portrait.png */,
				26897CCF1D87447089DC1009 /* black_coffee_pic_1_square.png */,
				770C5143193C41AFBA7C58CD /* black_coffee_pic_2_square.png */,
				8D0C7F442F3B4CCDB3FBD754 /* black_coffee_pic_3_square.png */,
				8AB0027A4C6340868454870C /* cappuccino_pic_1_portrait.png */,
				B988557C60E34F6DAAD8FBA7 /* cappuccino_pic_2_portrait.png */,
				CBB8E0841F4144B294F385E6 /* cappuccino_pic_3_portrait.png */,
				5C4B2EE70E834415B1C5A219 /* cappuccino_pic_1_square.png */,
				1AC65147E89C4A4EB54D9D0C /* cappuccino_pic_2_square.png */,
				8A29857C5D904519A7724C57 /* cappuccino_pic_3_square.png */,
				B42FA5F2690E44EFA35AE202 /* espresso_pic_1_portrait.png */,
				AB0F77D6CAF042619ED5ADCC /* espresso_pic_2_portrait.png */,
				CD889791E25749E2811A8B44 /* espresso_pic_3_portrait.png */,
				91554622F81049BFADB11B81 /* espresso_pic_1_square.png */,
				FEC7C4B4DD4643F3A318D177 /* espresso_pic_2_square.png */,
				408B073D1D964396A48AA0A9 /* espresso_pic_3_square.png */,
				19203603483B43218FD663C3 /* excelsa_coffee_beans_portrait.png */,
				70C071F962934CCB90C00198 /* excelsa_coffee_beans_square.png */,
				FCA0B8A7D006467CB60189B6 /* latte_pic_1_portrait.png */,
				739BD9A0F76342889ADC5BB3 /* latte_pic_2_portrait.png */,
				DF945252F1AA4BB284946CB1 /* latte_pic_3_portrait.png */,
				761FB84679EB4FA197973A8C /* latte_pic_1_square.png */,
				69C030179B784BEF92E27390 /* latte_pic_2_square.png */,
				791D906FE2DD4C1D842093FB /* latte_pic_3_square.png */,
				E7B86D5D38F74E4DB078B740 /* liberica_coffee_beans_portrait.png */,
				E21E0420AE9F4C68ABE68FE2 /* liberica_coffee_beans_square.png */,
				4749340E0960463EAD4030B3 /* macchiato_pic_1_portrait.png */,
				D68DF2832F8D4EF6B77503D3 /* macchiato_pic_2_portrait.png */,
				183F79D5916D402DAB2B3FFA /* macchiato_pic_3_portrait.png */,
				8C22B5622165404890B0D34B /* macchiato_pic_1_square.png */,
				3DB18CE26FE44DF3A9BF90E4 /* macchiato_pic_2_square.png */,
				316BC38690924DA09615871C /* macchiato_pic_3_square.png */,
				1AD42F702AC8458586568052 /* robusta_coffee_beans_portrait.png */,
				EFEDB687C949436F930E42E6 /* robusta_coffee_beans_square.png */,
			);
			name = Resources;
			path = "";
			sourceTree = "<group>";
		};
/* End PBXGroup section */

/* Begin PBXNativeTarget section */
		00E356ED1AD99517003FC87E /* CofeeShopTests */ = {
			isa = PBXNativeTarget;
			buildConfigurationList = 00E357021AD99517003FC87E /* Build configuration list for PBXNativeTarget "CofeeShopTests" */;
			buildPhases = (
				A55EABD7B0C7F3A422A6CC61 /* [CP] Check Pods Manifest.lock */,
				00E356EA1AD99517003FC87E /* Sources */,
				00E356EB1AD99517003FC87E /* Frameworks */,
				00E356EC1AD99517003FC87E /* Resources */,
				C59DA0FBD6956966B86A3779 /* [CP] Embed Pods Frameworks */,
				F6A41C54EA430FDDC6A6ED99 /* [CP] Copy Pods Resources */,
			);
			buildRules = (
			);
			dependencies = (
				00E356F51AD99517003FC87E /* PBXTargetDependency */,
			);
			name = CofeeShopTests;
			productName = CofeeShopTests;
			productReference = 00E356EE1AD99517003FC87E /* CofeeShopTests.xctest */;
			productType = "com.apple.product-type.bundle.unit-test";
		};
		13B07F861A680F5B00A75B9A /* CofeeShop */ = {
			isa = PBXNativeTarget;
			buildConfigurationList = 13B07F931A680F5B00A75B9A /* Build configuration list for PBXNativeTarget "CofeeShop" */;
			buildPhases = (
				C38B50BA6285516D6DCD4F65 /* [CP] Check Pods Manifest.lock */,
				13B07F871A680F5B00A75B9A /* Sources */,
				13B07F8C1A680F5B00A75B9A /* Frameworks */,
				13B07F8E1A680F5B00A75B9A /* Resources */,
				00DD1BFF1BD5951E006B06BC /* Bundle React Native code and images */,
				00EEFC60759A1932668264C0 /* [CP] Embed Pods Frameworks */,
				E235C05ADACE081382539298 /* [CP] Copy Pods Resources */,
			);
			buildRules = (
			);
			dependencies = (
			);
			name = CofeeShop;
			productName = CofeeShop;
			productReference = 13B07F961A680F5B00A75B9A /* CofeeShop.app */;
			productType = "com.apple.product-type.application";
		};
/* End PBXNativeTarget section */

/* Begin PBXProject section */
		83CBB9F71A601CBA00E9B192 /* Project object */ = {
			isa = PBXProject;
			attributes = {
				LastUpgradeCheck = 1210;
				TargetAttributes = {
					00E356ED1AD99517003FC87E = {
						CreatedOnToolsVersion = 6.2;
						TestTargetID = 13B07F861A680F5B00A75B9A;
					};
					13B07F861A680F5B00A75B9A = {
						LastSwiftMigration = 1120;
					};
				};
			};
			buildConfigurationList = 83CBB9FA1A601CBA00E9B192 /* Build configuration list for PBXProject "CofeeShop" */;
			compatibilityVersion = "Xcode 12.0";
			developmentRegion = en;
			hasScannedForEncodings = 0;
			knownRegions = (
				en,
				Base,
			);
			mainGroup = 83CBB9F61A601CBA00E9B192;
			productRefGroup = 83CBBA001A601CBA00E9B192 /* Products */;
			projectDirPath = "";
			projectRoot = "";
			targets = (
				13B07F861A680F5B00A75B9A /* CofeeShop */,
				00E356ED1AD99517003FC87E /* CofeeShopTests */,
			);
		};
/* End PBXProject section */

/* Begin PBXResourcesBuildPhase section */
		00E356EC1AD99517003FC87E /* Resources */ = {
			isa = PBXResourcesBuildPhase;
			buildActionMask = 2147483647;
			files = (
			);
			runOnlyForDeploymentPostprocessing = 0;
		};
		13B07F8E1A680F5B00A75B9A /* Resources */ = {
			isa = PBXResourcesBuildPhase;
			buildActionMask = 2147483647;
			files = (
				81AB9BB82411601600AC10FF /* LaunchScreen.storyboard in Resources */,
				13B07FBF1A68108700A75B9A /* Images.xcassets in Resources */,
				08045190E9BC4DBFBB5E822D /* Poppins-Black.ttf in Resources */,
				DC3DD27570CA41BAA7998234 /* Poppins-Bold.ttf in Resources */,
				4F77E94C561E4953869C11FE /* Poppins-ExtraBold.ttf in Resources */,
				691811D8907A4E549EDA9C7D /* Poppins-ExtraLight.ttf in Resources */,
				3DDDD43889454B5DAF74E418 /* Poppins-Light.ttf in Resources */,
				460EB6A7706E4781AED69E85 /* Poppins-Medium.ttf in Resources */,
				E4506128A94442A8BEAA7435 /* Poppins-Regular.ttf in Resources */,
				0A9D4D7A5C30401AAF917C8D /* Poppins-SemiBold.ttf in Resources */,
				C19CC25E238A4DBBBC549746 /* Poppins-Thin.ttf in Resources */,
				7D300D5A12B64C44B3BC903A /* app_icons.ttf in Resources */,
				822B7F3563254F8291329241 /* amazonpay.png in Resources */,
				32246C5B89F845DFB795BD77 /* applepay.png in Resources */,
				CC81E7DA224A40EAAD5EFA42 /* avatar.png in Resources */,
				EC1449472D8C45DC81D53F5A /* gpay.png in Resources */,
				542FB3F76E8C4CF185BD915A /* americano_pic_1_portrait.png in Resources */,
				F0291BFE938643CD84299802 /* americano_pic_2_portrait.png in Resources */,
				E3CD52DB17374865902E81A9 /* americano_pic_3_portrait.png in Resources */,
				290EADDA84DB446DB0AE55E7 /* americano_pic_1_square.png in Resources */,
				B0D86B41365B47B7B841044A /* americano_pic_2_square.png in Resources */,
				0E78C85A6D844523836971C5 /* americano_pic_3_square.png in Resources */,
				2C77E9D12CF04DDDBF1245F5 /* arabica_coffee_beans_portrait.png in Resources */,
				52263D69551343F68B25A8A4 /* arabica_coffee_beans_square.png in Resources */,
				DB4466D3FC3544C7A6C94777 /* black_coffee_pic_1_portrait.png in Resources */,
				1B8493601E34428CB74258AA /* black_coffee_pic_2_portrait.png in Resources */,
				D84C537252B94EC3BEE44B19 /* black_coffee_pic_3_portrait.png in Resources */,
				3C99788F45E940C2A98CDBC2 /* black_coffee_pic_1_square.png in Resources */,
				03D8B7710CB246A2ACEB92E7 /* black_coffee_pic_2_square.png in Resources */,
				9A9E205041D84978A0C8F912 /* black_coffee_pic_3_square.png in Resources */,
				C0C6D25E9D0644B3BF234CB0 /* cappuccino_pic_1_portrait.png in Resources */,
				CA2BAB92CD96494DA6280E83 /* cappuccino_pic_2_portrait.png in Resources */,
				510280A948EC4A97A6FDE27F /* cappuccino_pic_3_portrait.png in Resources */,
				AA69EA198980471180ED6AD1 /* cappuccino_pic_1_square.png in Resources */,
				A0E6331B0B954DA785E64F17 /* cappuccino_pic_2_square.png in Resources */,
				F16F75D3094B44FA8169D629 /* cappuccino_pic_3_square.png in Resources */,
				CA70C2B28CD04843996F8170 /* espresso_pic_1_portrait.png in Resources */,
				73B6495D1F4948739A4C2EED /* espresso_pic_2_portrait.png in Resources */,
				738DFA8917494818A2393688 /* espresso_pic_3_portrait.png in Resources */,
				B9DDA74A3E5C449FB80E84A4 /* espresso_pic_1_square.png in Resources */,
				EB0F5E4AE5A84C31B8AC2A4A /* espresso_pic_2_square.png in Resources */,
				A76918FFC5B04474BA085A7E /* espresso_pic_3_square.png in Resources */,
				4539474D920C40E0A28C7021 /* excelsa_coffee_beans_portrait.png in Resources */,
				9AB782D6EAE644C29C436FBB /* excelsa_coffee_beans_square.png in Resources */,
				0800EE73F76442AD92C6B372 /* latte_pic_1_portrait.png in Resources */,
				D04CE6884E4D41EE9EE4DD1B /* latte_pic_2_portrait.png in Resources */,
				2D1E80E8D6AB4629B2C40193 /* latte_pic_3_portrait.png in Resources */,
				AAF69BDA2E464D349DC204CD /* latte_pic_1_square.png in Resources */,
				D104813E474D486594E8072F /* latte_pic_2_square.png in Resources */,
				B43534174A3D4D6BAEFBA3B0 /* latte_pic_3_square.png in Resources */,
				237C381B320D4E099A8CFDB7 /* liberica_coffee_beans_portrait.png in Resources */,
				046A02EE234B4DE4B62F6C61 /* liberica_coffee_beans_square.png in Resources */,
				2C76D2FB94B841DFA0D8EB8A /* macchiato_pic_1_portrait.png in Resources */,
				932BD9251E2D46BFA2B7BBEF /* macchiato_pic_2_portrait.png in Resources */,
				181A2DAD65AE45909784F5CA /* macchiato_pic_3_portrait.png in Resources */,
				04A085D4DDDE443480E3EC79 /* macchiato_pic_1_square.png in Resources */,
				855CEE05511445FB8AA6B42C /* macchiato_pic_2_square.png in Resources */,
				06D6A81FF3A849C9B4D01647 /* macchiato_pic_3_square.png in Resources */,
				F17078BA04B742D7A280A405 /* robusta_coffee_beans_portrait.png in Resources */,
				5C041358297D44D3B4C4270B /* robusta_coffee_beans_square.png in Resources */,
			);
			runOnlyForDeploymentPostprocessing = 0;
		};
/* End PBXResourcesBuildPhase section */

/* Begin PBXShellScriptBuildPhase section */
		00DD1BFF1BD5951E006B06BC /* Bundle React Native code and images */ = {
			isa = PBXShellScriptBuildPhase;
			buildActionMask = 2147483647;
			files = (
			);
			inputPaths = (
				"$(SRCROOT)/.xcode.env.local",
				"$(SRCROOT)/.xcode.env",
			);
			name = "Bundle React Native code and images";
			outputPaths = (
			);
			runOnlyForDeploymentPostprocessing = 0;
			shellPath = /bin/sh;
			shellScript = "set -e\n\nWITH_ENVIRONMENT=\"../node_modules/react-native/scripts/xcode/with-environment.sh\"\nREACT_NATIVE_XCODE=\"../node_modules/react-native/scripts/react-native-xcode.sh\"\n\n/bin/sh -c \"$WITH_ENVIRONMENT $REACT_NATIVE_XCODE\"\n";
		};
		00EEFC60759A1932668264C0 /* [CP] Embed Pods Frameworks */ = {
			isa = PBXShellScriptBuildPhase;
			buildActionMask = 2147483647;
			files = (
			);
			inputFileListPaths = (
				"${PODS_ROOT}/Target Support Files/Pods-CofeeShop/Pods-CofeeShop-frameworks-${CONFIGURATION}-input-files.xcfilelist",
			);
			name = "[CP] Embed Pods Frameworks";
			outputFileListPaths = (
				"${PODS_ROOT}/Target Support Files/Pods-CofeeShop/Pods-CofeeShop-frameworks-${CONFIGURATION}-output-files.xcfilelist",
			);
			runOnlyForDeploymentPostprocessing = 0;
			shellPath = /bin/sh;
			shellScript = "\"${PODS_ROOT}/Target Support Files/Pods-CofeeShop/Pods-CofeeShop-frameworks.sh\"\n";
			showEnvVarsInLog = 0;
		};
		A55EABD7B0C7F3A422A6CC61 /* [CP] Check Pods Manifest.lock */ = {
			isa = PBXShellScriptBuildPhase;
			buildActionMask = 2147483647;
			files = (
			);
			inputFileListPaths = (
			);
			inputPaths = (
				"${PODS_PODFILE_DIR_PATH}/Podfile.lock",
				"${PODS_ROOT}/Manifest.lock",
			);
			name = "[CP] Check Pods Manifest.lock";
			outputFileListPaths = (
			);
			outputPaths = (
				"$(DERIVED_FILE_DIR)/Pods-CofeeShop-CofeeShopTests-checkManifestLockResult.txt",
			);
			runOnlyForDeploymentPostprocessing = 0;
			shellPath = /bin/sh;
			shellScript = "diff \"${PODS_PODFILE_DIR_PATH}/Podfile.lock\" \"${PODS_ROOT}/Manifest.lock\" > /dev/null\nif [ $? != 0 ] ; then\n    # print error to STDERR\n    echo \"error: The sandbox is not in sync with the Podfile.lock. Run 'pod install' or update your CocoaPods installation.\" >&2\n    exit 1\nfi\n# This output is used by Xcode 'outputs' to avoid re-running this script phase.\necho \"SUCCESS\" > \"${SCRIPT_OUTPUT_FILE_0}\"\n";
			showEnvVarsInLog = 0;
		};
		C38B50BA6285516D6DCD4F65 /* [CP] Check Pods Manifest.lock */ = {
			isa = PBXShellScriptBuildPhase;
			buildActionMask = 2147483647;
			files = (
			);
			inputFileListPaths = (
			);
			inputPaths = (
				"${PODS_PODFILE_DIR_PATH}/Podfile.lock",
				"${PODS_ROOT}/Manifest.lock",
			);
			name = "[CP] Check Pods Manifest.lock";
			outputFileListPaths = (
			);
			outputPaths = (
				"$(DERIVED_FILE_DIR)/Pods-CofeeShop-checkManifestLockResult.txt",
			);
			runOnlyForDeploymentPostprocessing = 0;
			shellPath = /bin/sh;
			shellScript = "diff \"${PODS_PODFILE_DIR_PATH}/Podfile.lock\" \"${PODS_ROOT}/Manifest.lock\" > /dev/null\nif [ $? != 0 ] ; then\n    # print error to STDERR\n    echo \"error: The sandbox is not in sync with the Podfile.lock. Run 'pod install' or update your CocoaPods installation.\" >&2\n    exit 1\nfi\n# This output is used by Xcode 'outputs' to avoid re-running this script phase.\necho \"SUCCESS\" > \"${SCRIPT_OUTPUT_FILE_0}\"\n";
			showEnvVarsInLog = 0;
		};
		C59DA0FBD6956966B86A3779 /* [CP] Embed Pods Frameworks */ = {
			isa = PBXShellScriptBuildPhase;
			buildActionMask = 2147483647;
			files = (
			);
			inputFileListPaths = (
				"${PODS_ROOT}/Target Support Files/Pods-CofeeShop-CofeeShopTests/Pods-CofeeShop-CofeeShopTests-frameworks-${CONFIGURATION}-input-files.xcfilelist",
			);
			name = "[CP] Embed Pods Frameworks";
			outputFileListPaths = (
				"${PODS_ROOT}/Target Support Files/Pods-CofeeShop-CofeeShopTests/Pods-CofeeShop-CofeeShopTests-frameworks-${CONFIGURATION}-output-files.xcfilelist",
			);
			runOnlyForDeploymentPostprocessing = 0;
			shellPath = /bin/sh;
			shellScript = "\"${PODS_ROOT}/Target Support Files/Pods-CofeeShop-CofeeShopTests/Pods-CofeeShop-CofeeShopTests-frameworks.sh\"\n";
			showEnvVarsInLog = 0;
		};
		E235C05ADACE081382539298 /* [CP] Copy Pods Resources */ = {
			isa = PBXShellScriptBuildPhase;
			buildActionMask = 2147483647;
			files = (
			);
			inputFileListPaths = (
				"${PODS_ROOT}/Target Support Files/Pods-CofeeShop/Pods-CofeeShop-resources-${CONFIGURATION}-input-files.xcfilelist",
			);
			name = "[CP] Copy Pods Resources";
			outputFileListPaths = (
				"${PODS_ROOT}/Target Support Files/Pods-CofeeShop/Pods-CofeeShop-resources-${CONFIGURATION}-output-files.xcfilelist",
			);
			runOnlyForDeploymentPostprocessing = 0;
			shellPath = /bin/sh;
			shellScript = "\"${PODS_ROOT}/Target Support Files/Pods-CofeeShop/Pods-CofeeShop-resources.sh\"\n";
			showEnvVarsInLog = 0;
		};
		F6A41C54EA430FDDC6A6ED99 /* [CP] Copy Pods Resources */ = {
			isa = PBXShellScriptBuildPhase;
			buildActionMask = 2147483647;
			files = (
			);
			inputFileListPaths = (
				"${PODS_ROOT}/Target Support Files/Pods-CofeeShop-CofeeShopTests/Pods-CofeeShop-CofeeShopTests-resources-${CONFIGURATION}-input-files.xcfilelist",
			);
			name = "[CP] Copy Pods Resources";
			outputFileListPaths = (
				"${PODS_ROOT}/Target Support Files/Pods-CofeeShop-CofeeShopTests/Pods-CofeeShop-CofeeShopTests-resources-${CONFIGURATION}-output-files.xcfilelist",
			);
			runOnlyForDeploymentPostprocessing = 0;
			shellPath = /bin/sh;
			shellScript = "\"${PODS_ROOT}/Target Support Files/Pods-CofeeShop-CofeeShopTests/Pods-CofeeShop-CofeeShopTests-resources.sh\"\n";
			showEnvVarsInLog = 0;
		};
/* End PBXShellScriptBuildPhase section */

/* Begin PBXSourcesBuildPhase section */
		00E356EA1AD99517003FC87E /* Sources */ = {
			isa = PBXSourcesBuildPhase;
			buildActionMask = 2147483647;
			files = (
				00E356F31AD99517003FC87E /* CofeeShopTests.m in Sources */,
			);
			runOnlyForDeploymentPostprocessing = 0;
		};
		13B07F871A680F5B00A75B9A /* Sources */ = {
			isa = PBXSourcesBuildPhase;
			buildActionMask = 2147483647;
			files = (
				13B07FBC1A68108700A75B9A /* AppDelegate.mm in Sources */,
				13B07FC11A68108700A75B9A /* main.m in Sources */,
			);
			runOnlyForDeploymentPostprocessing = 0;
		};
/* End PBXSourcesBuildPhase section */

/* Begin PBXTargetDependency section */
		00E356F51AD99517003FC87E /* PBXTargetDependency */ = {
			isa = PBXTargetDependency;
			target = 13B07F861A680F5B00A75B9A /* CofeeShop */;
			targetProxy = 00E356F41AD99517003FC87E /* PBXContainerItemProxy */;
		};
/* End PBXTargetDependency section */

/* Begin XCBuildConfiguration section */
		00E356F61AD99517003FC87E /* Debug */ = {
			isa = XCBuildConfiguration;
			baseConfigurationReference = 5B7EB9410499542E8C5724F5 /* Pods-CofeeShop-CofeeShopTests.debug.xcconfig */;
			buildSettings = {
				BUNDLE_LOADER = "$(TEST_HOST)";
				GCC_PREPROCESSOR_DEFINITIONS = (
					"DEBUG=1",
					"$(inherited)",
				);
				INFOPLIST_FILE = CofeeShopTests/Info.plist;
				IPHONEOS_DEPLOYMENT_TARGET = 13.4;
				LD_RUNPATH_SEARCH_PATHS = (
					"$(inherited)",
					"@executable_path/Frameworks",
					"@loader_path/Frameworks",
				);
				OTHER_LDFLAGS = (
					"-ObjC",
					"-lc++",
					"$(inherited)",
				);
				PRODUCT_BUNDLE_IDENTIFIER = "org.reactjs.native.example.$(PRODUCT_NAME:rfc1034identifier)";
				PRODUCT_NAME = "$(TARGET_NAME)";
				TEST_HOST = "$(BUILT_PRODUCTS_DIR)/CofeeShop.app/CofeeShop";
			};
			name = Debug;
		};
		00E356F71AD99517003FC87E /* Release */ = {
			isa = XCBuildConfiguration;
			baseConfigurationReference = 89C6BE57DB24E9ADA2F236DE /* Pods-CofeeShop-CofeeShopTests.release.xcconfig */;
			buildSettings = {
				BUNDLE_LOADER = "$(TEST_HOST)";
				COPY_PHASE_STRIP = NO;
				INFOPLIST_FILE = CofeeShopTests/Info.plist;
				IPHONEOS_DEPLOYMENT_TARGET = 13.4;
				LD_RUNPATH_SEARCH_PATHS = (
					"$(inherited)",
					"@executable_path/Frameworks",
					"@loader_path/Frameworks",
				);
				OTHER_LDFLAGS = (
					"-ObjC",
					"-lc++",
					"$(inherited)",
				);
				PRODUCT_BUNDLE_IDENTIFIER = "org.reactjs.native.example.$(PRODUCT_NAME:rfc1034identifier)";
				PRODUCT_NAME = "$(TARGET_NAME)";
				TEST_HOST = "$(BUILT_PRODUCTS_DIR)/CofeeShop.app/CofeeShop";
			};
			name = Release;
		};
		13B07F941A680F5B00A75B9A /* Debug */ = {
			isa = XCBuildConfiguration;
			baseConfigurationReference = 3B4392A12AC88292D35C810B /* Pods-CofeeShop.debug.xcconfig */;
			buildSettings = {
				ASSETCATALOG_COMPILER_APPICON_NAME = AppIcon;
				CLANG_ENABLE_MODULES = YES;
				CURRENT_PROJECT_VERSION = 1;
				ENABLE_BITCODE = NO;
				INFOPLIST_FILE = CofeeShop/Info.plist;
				LD_RUNPATH_SEARCH_PATHS = (
					"$(inherited)",
					"@executable_path/Frameworks",
				);
				MARKETING_VERSION = 1.0;
				OTHER_LDFLAGS = (
					"$(inherited)",
					"-ObjC",
					"-lc++",
				);
				PRODUCT_BUNDLE_IDENTIFIER = "org.reactjs.native.example.$(PRODUCT_NAME:rfc1034identifier)";
				PRODUCT_NAME = CofeeShop;
				SWIFT_OPTIMIZATION_LEVEL = "-Onone";
				SWIFT_VERSION = 5.0;
				VERSIONING_SYSTEM = "apple-generic";
			};
			name = Debug;
		};
		13B07F951A680F5B00A75B9A /* Release */ = {
			isa = XCBuildConfiguration;
			baseConfigurationReference = 5709B34CF0A7D63546082F79 /* Pods-CofeeShop.release.xcconfig */;
			buildSettings = {
				ASSETCATALOG_COMPILER_APPICON_NAME = AppIcon;
				CLANG_ENABLE_MODULES = YES;
				CURRENT_PROJECT_VERSION = 1;
				INFOPLIST_FILE = CofeeShop/Info.plist;
				LD_RUNPATH_SEARCH_PATHS = (
					"$(inherited)",
					"@executable_path/Frameworks",
				);
				MARKETING_VERSION = 1.0;
				OTHER_LDFLAGS = (
					"$(inherited)",
					"-ObjC",
					"-lc++",
				);
				PRODUCT_BUNDLE_IDENTIFIER = "org.reactjs.native.example.$(PRODUCT_NAME:rfc1034identifier)";
				PRODUCT_NAME = CofeeShop;
				SWIFT_VERSION = 5.0;
				VERSIONING_SYSTEM = "apple-generic";
			};
			name = Release;
		};
		83CBBA201A601CBA00E9B192 /* Debug */ = {
			isa = XCBuildConfiguration;
			buildSettings = {
				ALWAYS_SEARCH_USER_PATHS = NO;
				CLANG_ANALYZER_LOCALIZABILITY_NONLOCALIZED = YES;
				CLANG_CXX_LANGUAGE_STANDARD = "c++20";
				CLANG_CXX_LIBRARY = "libc++";
				CLANG_ENABLE_MODULES = YES;
				CLANG_ENABLE_OBJC_ARC = YES;
				CLANG_WARN_BLOCK_CAPTURE_AUTORELEASING = YES;
				CLANG_WARN_BOOL_CONVERSION = YES;
				CLANG_WARN_COMMA = YES;
				CLANG_WARN_CONSTANT_CONVERSION = YES;
				CLANG_WARN_DEPRECATED_OBJC_IMPLEMENTATIONS = YES;
				CLANG_WARN_DIRECT_OBJC_ISA_USAGE = YES_ERROR;
				CLANG_WARN_EMPTY_BODY = YES;
				CLANG_WARN_ENUM_CONVERSION = YES;
				CLANG_WARN_INFINITE_RECURSION = YES;
				CLANG_WARN_INT_CONVERSION = YES;
				CLANG_WARN_NON_LITERAL_NULL_CONVERSION = YES;
				CLANG_WARN_OBJC_IMPLICIT_RETAIN_SELF = YES;
				CLANG_WARN_OBJC_LITERAL_CONVERSION = YES;
				CLANG_WARN_OBJC_ROOT_CLASS = YES_ERROR;
				CLANG_WARN_QUOTED_INCLUDE_IN_FRAMEWORK_HEADER = YES;
				CLANG_WARN_RANGE_LOOP_ANALYSIS = YES;
				CLANG_WARN_STRICT_PROTOTYPES = YES;
				CLANG_WARN_SUSPICIOUS_MOVE = YES;
				CLANG_WARN_UNREACHABLE_CODE = YES;
				CLANG_WARN__DUPLICATE_METHOD_MATCH = YES;
				"CODE_SIGN_IDENTITY[sdk=iphoneos*]" = "iPhone Developer";
				COPY_PHASE_STRIP = NO;
				ENABLE_STRICT_OBJC_MSGSEND = YES;
				ENABLE_TESTABILITY = YES;
				"EXCLUDED_ARCHS[sdk=iphonesimulator*]" = i386;
				GCC_C_LANGUAGE_STANDARD = gnu99;
				GCC_DYNAMIC_NO_PIC = NO;
				GCC_NO_COMMON_BLOCKS = YES;
				GCC_OPTIMIZATION_LEVEL = 0;
				GCC_PREPROCESSOR_DEFINITIONS = (
					"DEBUG=1",
					"$(inherited)",
				);
				GCC_SYMBOLS_PRIVATE_EXTERN = NO;
				GCC_WARN_64_TO_32_BIT_CONVERSION = YES;
				GCC_WARN_ABOUT_RETURN_TYPE = YES_ERROR;
				GCC_WARN_UNDECLARED_SELECTOR = YES;
				GCC_WARN_UNINITIALIZED_AUTOS = YES_AGGRESSIVE;
				GCC_WARN_UNUSED_FUNCTION = YES;
				GCC_WARN_UNUSED_VARIABLE = YES;
				IPHONEOS_DEPLOYMENT_TARGET = 13.4;
				LD_RUNPATH_SEARCH_PATHS = (
					/usr/lib/swift,
					"$(inherited)",
				);
				LIBRARY_SEARCH_PATHS = (
					"\"$(SDKROOT)/usr/lib/swift\"",
					"\"$(TOOLCHAIN_DIR)/usr/lib/swift/$(PLATFORM_NAME)\"",
					"\"$(inherited)\"",
				);
				MTL_ENABLE_DEBUG_INFO = YES;
				ONLY_ACTIVE_ARCH = YES;
				OTHER_CFLAGS = "$(inherited)";
				OTHER_CPLUSPLUSFLAGS = (
					"$(OTHER_CFLAGS)",
					"-DFOLLY_NO_CONFIG",
					"-DFOLLY_MOBILE=1",
					"-DFOLLY_USE_LIBCPP=1",
					"-DFOLLY_CFG_NO_COROUTINES=1",
				);
				OTHER_LDFLAGS = (
					"$(inherited)",
					" ",
				);
				REACT_NATIVE_PATH = "${PODS_ROOT}/../../node_modules/react-native";
				SDKROOT = iphoneos;
				USE_HERMES = true;
			};
			name = Debug;
		};
		83CBBA211A601CBA00E9B192 /* Release */ = {
			isa = XCBuildConfiguration;
			buildSettings = {
				ALWAYS_SEARCH_USER_PATHS = NO;
				CLANG_ANALYZER_LOCALIZABILITY_NONLOCALIZED = YES;
				CLANG_CXX_LANGUAGE_STANDARD = "c++20";
				CLANG_CXX_LIBRARY = "libc++";
				CLANG_ENABLE_MODULES = YES;
				CLANG_ENABLE_OBJC_ARC = YES;
				CLANG_WARN_BLOCK_CAPTURE_AUTORELEASING = YES;
				CLANG_WARN_BOOL_CONVERSION = YES;
				CLANG_WARN_COMMA = YES;
				CLANG_WARN_CONSTANT_CONVERSION = YES;
				CLANG_WARN_DEPRECATED_OBJC_IMPLEMENTATIONS = YES;
				CLANG_WARN_DIRECT_OBJC_ISA_USAGE = YES_ERROR;
				CLANG_WARN_EMPTY_BODY = YES;
				CLANG_WARN_ENUM_CONVERSION = YES;
				CLANG_WARN_INFINITE_RECURSION = YES;
				CLANG_WARN_INT_CONVERSION = YES;
				CLANG_WARN_NON_LITERAL_NULL_CONVERSION = YES;
				CLANG_WARN_OBJC_IMPLICIT_RETAIN_SELF = YES;
				CLANG_WARN_OBJC_LITERAL_CONVERSION = YES;
				CLANG_WARN_OBJC_ROOT_CLASS = YES_ERROR;
				CLANG_WARN_QUOTED_INCLUDE_IN_FRAMEWORK_HEADER = YES;
				CLANG_WARN_RANGE_LOOP_ANALYSIS = YES;
				CLANG_WARN_STRICT_PROTOTYPES = YES;
				CLANG_WARN_SUSPICIOUS_MOVE = YES;
				CLANG_WARN_UNREACHABLE_CODE = YES;
				CLANG_WARN__DUPLICATE_METHOD_MATCH = YES;
				"CODE_SIGN_IDENTITY[sdk=iphoneos*]" = "iPhone Developer";
				COPY_PHASE_STRIP = YES;
				ENABLE_NS_ASSERTIONS = NO;
				ENABLE_STRICT_OBJC_MSGSEND = YES;
				"EXCLUDED_ARCHS[sdk=iphonesimulator*]" = i386;
				GCC_C_LANGUAGE_STANDARD = gnu99;
				GCC_NO_COMMON_BLOCKS = YES;
				GCC_WARN_64_TO_32_BIT_CONVERSION = YES;
				GCC_WARN_ABOUT_RETURN_TYPE = YES_ERROR;
				GCC_WARN_UNDECLARED_SELECTOR = YES;
				GCC_WARN_UNINITIALIZED_AUTOS = YES_AGGRESSIVE;
				GCC_WARN_UNUSED_FUNCTION = YES;
				GCC_WARN_UNUSED_VARIABLE = YES;
				IPHONEOS_DEPLOYMENT_TARGET = 13.4;
				LD_RUNPATH_SEARCH_PATHS = (
					/usr/lib/swift,
					"$(inherited)",
				);
				LIBRARY_SEARCH_PATHS = (
					"\"$(SDKROOT)/usr/lib/swift\"",
					"\"$(TOOLCHAIN_DIR)/usr/lib/swift/$(PLATFORM_NAME)\"",
					"\"$(inherited)\"",
				);
				MTL_ENABLE_DEBUG_INFO = NO;
				OTHER_CFLAGS = "$(inherited)";
				OTHER_CPLUSPLUSFLAGS = (
					"$(OTHER_CFLAGS)",
					"-DFOLLY_NO_CONFIG",
					"-DFOLLY_MOBILE=1",
					"-DFOLLY_USE_LIBCPP=1",
					"-DFOLLY_CFG_NO_COROUTINES=1",
				);
				OTHER_LDFLAGS = (
					"$(inherited)",
					" ",
				);
				REACT_NATIVE_PATH = "${PODS_ROOT}/../../node_modules/react-native";
				SDKROOT = iphoneos;
				USE_HERMES = true;
				VALIDATE_PRODUCT = YES;
			};
			name = Release;
		};
/* End XCBuildConfiguration section */

/* Begin XCConfigurationList section */
		00E357021AD99517003FC87E /* Build configuration list for PBXNativeTarget "CofeeShopTests" */ = {
			isa = XCConfigurationList;
			buildConfigurations = (
				00E356F61AD99517003FC87E /* Debug */,
				00E356F71AD99517003FC87E /* Release */,
			);
			defaultConfigurationIsVisible = 0;
			defaultConfigurationName = Release;
		};
		13B07F931A680F5B00A75B9A /* Build configuration list for PBXNativeTarget "CofeeShop" */ = {
			isa = XCConfigurationList;
			buildConfigurations = (
				13B07F941A680F5B00A75B9A /* Debug */,
				13B07F951A680F5B00A75B9A /* Release */,
			);
			defaultConfigurationIsVisible = 0;
			defaultConfigurationName = Release;
		};
		83CBB9FA1A601CBA00E9B192 /* Build configuration list for PBXProject "CofeeShop" */ = {
			isa = XCConfigurationList;
			buildConfigurations = (
				83CBBA201A601CBA00E9B192 /* Debug */,
				83CBBA211A601CBA00E9B192 /* Release */,
			);
			defaultConfigurationIsVisible = 0;
			defaultConfigurationName = Release;
		};
/* End XCConfigurationList section */
	};
	rootObject = 83CBB9F71A601CBA00E9B192 /* Project object */;
}
